
Microsoft Visual Studio Solution File, Format Version 12.00
# Visual Studio Version 17
VisualStudioVersion = 17.9.34616.47
MinimumVisualStudioVersion = 10.0.40219.1
Project("{9A19103F-16F7-4668-BE54-9A1E7A4F7556}") = "XChange.DAL", "XChange.DAL\XChange.DAL.csproj", "{A65F0C08-F0BC-42EE-94A9-3520D538D58C}"
EndProject
Project("{9A19103F-16F7-4668-BE54-9A1E7A4F7556}") = "XChange.BLL", "XChange.BLL\XChange.BLL.csproj", "{CEFED33C-25BE-4EA5-B35C-A2A18450BD03}"
EndProject
Project("{9A19103F-16F7-4668-BE54-9A1E7A4F7556}") = "XChange.API", "XChange.API\XChange.API.csproj", "{14150C36-D1EA-448B-970D-4DB2E28445B3}"
EndProject
Global
	GlobalSection(SolutionConfigurationPlatforms) = preSolution
		Debug|Any CPU = Debug|Any CPU
		Release|Any CPU = Release|Any CPU
	EndGlobalSection
	GlobalSection(ProjectConfigurationPlatforms) = postSolution
		{A65F0C08-F0BC-42EE-94A9-3520D538D58C}.Debug|Any CPU.ActiveCfg = Debug|Any CPU
		{A65F0C08-F0BC-42EE-94A9-3520D538D58C}.Debug|Any CPU.Build.0 = Debug|Any CPU
		{A65F0C08-F0BC-42EE-94A9-3520D538D58C}.Release|Any CPU.ActiveCfg = Release|Any CPU
		{A65F0C08-F0BC-42EE-94A9-3520D538D58C}.Release|Any CPU.Build.0 = Release|Any CPU
		{CEFED33C-25BE-4EA5-B35C-A2A18450BD03}.Debug|Any CPU.ActiveCfg = Debug|Any CPU
		{CEFED33C-25BE-4EA5-B35C-A2A18450BD03}.Debug|Any CPU.Build.0 = Debug|Any CPU
		{CEFED33C-25BE-4EA5-B35C-A2A18450BD03}.Release|Any CPU.ActiveCfg = Release|Any CPU
		{CEFED33C-25BE-4EA5-B35C-A2A18450BD03}.Release|Any CPU.Build.0 = Release|Any CPU
		{14150C36-D1EA-448B-970D-4DB2E28445B3}.Debug|Any CPU.ActiveCfg = Debug|Any CPU
		{14150C36-D1EA-448B-970D-4DB2E28445B3}.Debug|Any CPU.Build.0 = Debug|Any CPU
		{14150C36-D1EA-448B-970D-4DB2E28445B3}.Release|Any CPU.ActiveCfg = Release|Any CPU
		{14150C36-D1EA-448B-970D-4DB2E28445B3}.Release|Any CPU.Build.0 = Release|Any CPU
	EndGlobalSection
	GlobalSection(SolutionProperties) = preSolution
		HideSolutionNode = FALSE
	EndGlobalSection
	GlobalSection(ExtensibilityGlobals) = postSolution
		SolutionGuid = {C1A5929B-F78E-4FF7-BACA-42E7FBB5CCE4}
	EndGlobalSection
EndGlobal
