
Microsoft Visual Studio Solution File, Format Version 12.00
# Visual Studio Version 17
VisualStudioVersion = 17.9.34616.47
MinimumVisualStudioVersion = 10.0.40219.1
Project("{9A19103F-16F7-4668-BE54-9A1E7A4F7556}") = "XChange.API", "API\XChange.API.csproj", "{070297D4-DDDA-4370-8EE3-CF5953436E5F}"
EndProject
Project("{9A19103F-16F7-4668-BE54-9A1E7A4F7556}") = "XChange.BLL", "BLL\XChange.BLL.csproj", "{FFB93E91-7A5A-4443-89CF-2D12D5B204B0}"
EndProject
Project("{9A19103F-16F7-4668-BE54-9A1E7A4F7556}") = "XChange.DAL", "DAL\XChange.DAL.csproj", "{43220C30-D372-4E7D-8EDA-A40F64185107}"
EndProject
Global
	GlobalSection(SolutionConfigurationPlatforms) = preSolution
		Debug|Any CPU = Debug|Any CPU
		Release|Any CPU = Release|Any CPU
	EndGlobalSection
	GlobalSection(ProjectConfigurationPlatforms) = postSolution
		{070297D4-DDDA-4370-8EE3-CF5953436E5F}.Debug|Any CPU.ActiveCfg = Debug|Any CPU
		{070297D4-DDDA-4370-8EE3-CF5953436E5F}.Debug|Any CPU.Build.0 = Debug|Any CPU
		{070297D4-DDDA-4370-8EE3-CF5953436E5F}.Release|Any CPU.ActiveCfg = Release|Any CPU
		{070297D4-DDDA-4370-8EE3-CF5953436E5F}.Release|Any CPU.Build.0 = Release|Any CPU
		{FFB93E91-7A5A-4443-89CF-2D12D5B204B0}.Debug|Any CPU.ActiveCfg = Debug|Any CPU
		{FFB93E91-7A5A-4443-89CF-2D12D5B204B0}.Debug|Any CPU.Build.0 = Debug|Any CPU
		{FFB93E91-7A5A-4443-89CF-2D12D5B204B0}.Release|Any CPU.ActiveCfg = Release|Any CPU
		{FFB93E91-7A5A-4443-89CF-2D12D5B204B0}.Release|Any CPU.Build.0 = Release|Any CPU
		{43220C30-D372-4E7D-8EDA-A40F64185107}.Debug|Any CPU.ActiveCfg = Debug|Any CPU
		{43220C30-D372-4E7D-8EDA-A40F64185107}.Debug|Any CPU.Build.0 = Debug|Any CPU
		{43220C30-D372-4E7D-8EDA-A40F64185107}.Release|Any CPU.ActiveCfg = Release|Any CPU
		{43220C30-D372-4E7D-8EDA-A40F64185107}.Release|Any CPU.Build.0 = Release|Any CPU
	EndGlobalSection
	GlobalSection(SolutionProperties) = preSolution
		HideSolutionNode = FALSE
	EndGlobalSection
	GlobalSection(ExtensibilityGlobals) = postSolution
		SolutionGuid = {C1A5929B-F78E-4FF7-BACA-42E7FBB5CCE4}
	EndGlobalSection
EndGlobal
